<?xml version="1.0" encoding="utf-8"?>
<Project ToolsVersion="4.0" xmlns="http://schemas.microsoft.com/developer/msbuild/2003">
  <ItemGroup>
    <Filter Include="Source Files">
      <UniqueIdentifier>{8dcff8fd-ff2c-40f4-b503-9dfe87afc895}</UniqueIdentifier>
      <Extensions>cpp;c;cxx;rc;def;r;odl;idl;hpj;bat</Extensions>
    </Filter>
    <Filter Include="Header Files">
      <UniqueIdentifier>{43b8c1ed-8f39-4608-9601-73ad4ad48e37}</UniqueIdentifier>
      <Extensions>h;hpp;hxx;hm;inl</Extensions>
    </Filter>
  </ItemGroup>
  <ItemGroup>
    <ClCompile Include="TestAcceleration.cpp">
      <Filter>Source Files</Filter>
    </ClCompile>
    <ClCompile Include="TestCubicMeter.cpp">
      <Filter>Source Files</Filter>
    </ClCompile>
    <ClCompile Include="TestForce.cpp">
      <Filter>Source Files</Filter>
    </ClCompile>
    <ClCompile Include="TestFrequency.cpp">
      <Filter>Source Files</Filter>
    </ClCompile>
    <ClCompile Include="TestMain.cpp">
      <Filter>Source Files</Filter>
    </ClCompile>
    <ClCompile Include="TestSquareMeter.cpp">
      <Filter>Source Files</Filter>
    </ClCompile>
    <ClCompile Include="TestUnitAngular.cpp">
      <Filter>Source Files</Filter>
    </ClCompile>
    <ClCompile Include="TestUnitIdentity.cpp">
      <Filter>Source Files</Filter>
    </ClCompile>
    <ClCompile Include="TestUnitLength.cpp">
      <Filter>Source Files</Filter>
    </ClCompile>
    <ClCompile Include="TestUnitMass.cpp">
      <Filter>Source Files</Filter>
    </ClCompile>
    <ClCompile Include="TestVelocity.cpp">
      <Filter>Source Files</Filter>
    </ClCompile>
    <ClCompile Include="TestPVNRT.cpp">
      <Filter>Source Files</Filter>
    </ClCompile>
    <ClCompile Include="TestPerformance.cpp">
      <Filter>Source Files</Filter>
    </ClCompile>
    <ClCompile Include="TestElectric.cpp">
      <Filter>Source Files</Filter>
    </ClCompile>
    <ClCompile Include="stdafx.cpp">
      <Filter>Source Files</Filter>
    </ClCompile>
    <ClCompile Include="TestUnitTemperature.cpp">
      <Filter>Source Files</Filter>
    </ClCompile>
  </ItemGroup>
  <ItemGroup>
    <ClInclude Include="Unit.h">
      <Filter>Header Files</Filter>
    </ClInclude>
    <ClInclude Include="UnitAcceleration.h">
      <Filter>Header Files</Filter>
    </ClInclude>
    <ClInclude Include="UnitAmountOfSubstance.h">
      <Filter>Header Files</Filter>
    </ClInclude>
    <ClInclude Include="UnitAngular.h">
      <Filter>Header Files</Filter>
    </ClInclude>
    <ClInclude Include="UnitArea.h">
      <Filter>Header Files</Filter>
    </ClInclude>
    <ClInclude Include="UnitComplex.h">
      <Filter>Header Files</Filter>
    </ClInclude>
    <ClInclude Include="UnitElectricCurrent.h">
      <Filter>Header Files</Filter>
    </ClInclude>
    <ClInclude Include="UnitEnergy.h">
      <Filter>Header Files</Filter>
    </ClInclude>
    <ClInclude Include="UnitFactor.h">
      <Filter>Header Files</Filter>
    </ClInclude>
    <ClInclude Include="UnitForce.h">
      <Filter>Header Files</Filter>
    </ClInclude>
    <ClInclude Include="UnitFrequency.h">
      <Filter>Header Files</Filter>
    </ClInclude>
    <ClInclude Include="UnitLength.h">
      <Filter>Header Files</Filter>
    </ClInclude>
    <ClInclude Include="UnitMass.h">
      <Filter>Header Files</Filter>
    </ClInclude>
    <ClInclude Include="UnitObject.h">
      <Filter>Header Files</Filter>
    </ClInclude>
    <ClInclude Include="UnitOperator.h">
      <Filter>Header Files</Filter>
    </ClInclude>
    <ClInclude Include="UnitPower.h">
      <Filter>Header Files</Filter>
    </ClInclude>
    <ClInclude Include="UnitPressure.h">
      <Filter>Header Files</Filter>
    </ClInclude>
    <ClInclude Include="UnitProduct.h">
      <Filter>Header Files</Filter>
    </ClInclude>
    <ClInclude Include="UnitSimple.h">
      <Filter>Header Files</Filter>
    </ClInclude>
    <ClInclude Include="UnitTemperature.h">
      <Filter>Header Files</Filter>
    </ClInclude>
    <ClInclude Include="UnitTime.h">
      <Filter>Header Files</Filter>
    </ClInclude>
    <ClInclude Include="UnitVelocity.h">
      <Filter>Header Files</Filter>
    </ClInclude>
    <ClInclude Include="UnitVolume.h">
      <Filter>Header Files</Filter>
    </ClInclude>
    <ClInclude Include="UnitSI.h">
      <Filter>Header Files</Filter>
    </ClInclude>
    <ClInclude Include="UnitHelper.h">
      <Filter>Header Files</Filter>
    </ClInclude>
    <ClInclude Include="UnitPowerRatio.h">
      <Filter>Header Files</Filter>
    </ClInclude>
    <ClInclude Include="UnitRatio.h">
      <Filter>Header Files</Filter>
    </ClInclude>
    <ClInclude Include="UnitElectricPotential.h">
      <Filter>Header Files</Filter>
    </ClInclude>
    <ClInclude Include="UnitElectricResistance.h">
      <Filter>Header Files</Filter>
    </ClInclude>
    <ClInclude Include="UnitElectricCharge.h">
      <Filter>Header Files</Filter>
    </ClInclude>
    <ClInclude Include="UnitElectric.h">
      <Filter>Header Files</Filter>
    </ClInclude>
    <ClInclude Include="stdafx.h">
      <Filter>Header Files</Filter>
    </ClInclude>
    <ClInclude Include="UnitLuminousIntensity.h">
      <Filter>Header Files</Filter>
    </ClInclude>
  </ItemGroup>
</Project>